
Microsoft Visual Studio Solution File, Format Version 12.00
# Visual Studio Version 17
VisualStudioVersion = 17.8.34330.188
MinimumVisualStudioVersion = 10.0.40219.1
Project("{FAE04EC0-301F-11D3-BF4B-00C04F79EFBC}") = "HandsOnConditionalAndIterativeStatements", "HandsOnConditionalAndIterativeStatements\HandsOnConditionalAndIterativeStatements.csproj", "{1E3874F3-E05E-4F42-BCCB-71461F6014B0}"
EndProject
Global
	GlobalSection(SolutionConfigurationPlatforms) = preSolution
		Debug|Any CPU = Debug|Any CPU
		Release|Any CPU = Release|Any CPU
	EndGlobalSection
	GlobalSection(ProjectConfigurationPlatforms) = postSolution
		{1E3874F3-E05E-4F42-BCCB-71461F6014B0}.Debug|Any CPU.ActiveCfg = Debug|Any CPU
		{1E3874F3-E05E-4F42-BCCB-71461F6014B0}.Debug|Any CPU.Build.0 = Debug|Any CPU
		{1E3874F3-E05E-4F42-BCCB-71461F6014B0}.Release|Any CPU.ActiveCfg = Release|Any CPU
		{1E3874F3-E05E-4F42-BCCB-71461F6014B0}.Release|Any CPU.Build.0 = Release|Any CPU
	EndGlobalSection
	GlobalSection(SolutionProperties) = preSolution
		HideSolutionNode = FALSE
	EndGlobalSection
	GlobalSection(ExtensibilityGlobals) = postSolution
		SolutionGuid = {972F5693-EDD7-494C-9626-8876FB5A6C54}
	EndGlobalSection
EndGlobal
