
Microsoft Visual Studio Solution File, Format Version 12.00
# Visual Studio Version 17
VisualStudioVersion = 17.8.34330.188
MinimumVisualStudioVersion = 10.0.40219.1
Project("{FAE04EC0-301F-11D3-BF4B-00C04F79EFBC}") = "Assessment_Student", "Assessment_Student\Assessment_Student.csproj", "{C94CB59A-9396-409A-8493-E26224EF09D9}"
EndProject
Global
	GlobalSection(SolutionConfigurationPlatforms) = preSolution
		Debug|Any CPU = Debug|Any CPU
		Release|Any CPU = Release|Any CPU
	EndGlobalSection
	GlobalSection(ProjectConfigurationPlatforms) = postSolution
		{C94CB59A-9396-409A-8493-E26224EF09D9}.Debug|Any CPU.ActiveCfg = Debug|Any CPU
		{C94CB59A-9396-409A-8493-E26224EF09D9}.Debug|Any CPU.Build.0 = Debug|Any CPU
		{C94CB59A-9396-409A-8493-E26224EF09D9}.Release|Any CPU.ActiveCfg = Release|Any CPU
		{C94CB59A-9396-409A-8493-E26224EF09D9}.Release|Any CPU.Build.0 = Release|Any CPU
	EndGlobalSection
	GlobalSection(SolutionProperties) = preSolution
		HideSolutionNode = FALSE
	EndGlobalSection
	GlobalSection(ExtensibilityGlobals) = postSolution
		SolutionGuid = {6A68CD04-F990-43AF-B1C6-413AAD8804F9}
	EndGlobalSection
EndGlobal
