
Microsoft Visual Studio Solution File, Format Version 12.00
# Visual Studio Version 17
VisualStudioVersion = 17.8.34330.188
MinimumVisualStudioVersion = 10.0.40219.1
Project("{FAE04EC0-301F-11D3-BF4B-00C04F79EFBC}") = "HandsOnDependencyInjection", "HandsOnDependencyInjection.csproj", "{C04FAA88-D332-4902-ABEF-F4A4867C32FE}"
EndProject
Global
	GlobalSection(SolutionConfigurationPlatforms) = preSolution
		Debug|Any CPU = Debug|Any CPU
		Release|Any CPU = Release|Any CPU
	EndGlobalSection
	GlobalSection(ProjectConfigurationPlatforms) = postSolution
		{C04FAA88-D332-4902-ABEF-F4A4867C32FE}.Debug|Any CPU.ActiveCfg = Debug|Any CPU
		{C04FAA88-D332-4902-ABEF-F4A4867C32FE}.Debug|Any CPU.Build.0 = Debug|Any CPU
		{C04FAA88-D332-4902-ABEF-F4A4867C32FE}.Release|Any CPU.ActiveCfg = Release|Any CPU
		{C04FAA88-D332-4902-ABEF-F4A4867C32FE}.Release|Any CPU.Build.0 = Release|Any CPU
	EndGlobalSection
	GlobalSection(SolutionProperties) = preSolution
		HideSolutionNode = FALSE
	EndGlobalSection
	GlobalSection(ExtensibilityGlobals) = postSolution
		SolutionGuid = {2D16A742-600E-4FE0-B57B-AD7CA0F07B5C}
	EndGlobalSection
EndGlobal
