
Microsoft Visual Studio Solution File, Format Version 12.00
# Visual Studio Version 17
VisualStudioVersion = 17.8.34330.188
MinimumVisualStudioVersion = 10.0.40219.1
Project("{FAE04EC0-301F-11D3-BF4B-00C04F79EFBC}") = "AssignmentApi", "AssignmentApi.csproj", "{8F69AF38-7A03-45AD-8DA6-E1C5B7752D71}"
EndProject
Global
	GlobalSection(SolutionConfigurationPlatforms) = preSolution
		Debug|Any CPU = Debug|Any CPU
		Release|Any CPU = Release|Any CPU
	EndGlobalSection
	GlobalSection(ProjectConfigurationPlatforms) = postSolution
		{8F69AF38-7A03-45AD-8DA6-E1C5B7752D71}.Debug|Any CPU.ActiveCfg = Debug|Any CPU
		{8F69AF38-7A03-45AD-8DA6-E1C5B7752D71}.Debug|Any CPU.Build.0 = Debug|Any CPU
		{8F69AF38-7A03-45AD-8DA6-E1C5B7752D71}.Release|Any CPU.ActiveCfg = Release|Any CPU
		{8F69AF38-7A03-45AD-8DA6-E1C5B7752D71}.Release|Any CPU.Build.0 = Release|Any CPU
	EndGlobalSection
	GlobalSection(SolutionProperties) = preSolution
		HideSolutionNode = FALSE
	EndGlobalSection
	GlobalSection(ExtensibilityGlobals) = postSolution
		SolutionGuid = {1A1A26DF-1C8A-475B-91B0-659A94FC64C1}
	EndGlobalSection
EndGlobal
