
Microsoft Visual Studio Solution File, Format Version 12.00
# Visual Studio Version 17
VisualStudioVersion = 17.8.34330.188
MinimumVisualStudioVersion = 10.0.40219.1
Project("{FAE04EC0-301F-11D3-BF4B-00C04F79EFBC}") = "HandsOnClassesAndObjects", "HandsOnClassesAndObjects\HandsOnClassesAndObjects.csproj", "{14710C91-B86E-49CB-93E4-B0DD1C2B523B}"
EndProject
Global
	GlobalSection(SolutionConfigurationPlatforms) = preSolution
		Debug|Any CPU = Debug|Any CPU
		Release|Any CPU = Release|Any CPU
	EndGlobalSection
	GlobalSection(ProjectConfigurationPlatforms) = postSolution
		{14710C91-B86E-49CB-93E4-B0DD1C2B523B}.Debug|Any CPU.ActiveCfg = Debug|Any CPU
		{14710C91-B86E-49CB-93E4-B0DD1C2B523B}.Debug|Any CPU.Build.0 = Debug|Any CPU
		{14710C91-B86E-49CB-93E4-B0DD1C2B523B}.Release|Any CPU.ActiveCfg = Release|Any CPU
		{14710C91-B86E-49CB-93E4-B0DD1C2B523B}.Release|Any CPU.Build.0 = Release|Any CPU
	EndGlobalSection
	GlobalSection(SolutionProperties) = preSolution
		HideSolutionNode = FALSE
	EndGlobalSection
	GlobalSection(ExtensibilityGlobals) = postSolution
		SolutionGuid = {C6E82DAC-D525-4C6A-A672-A4ADD3AC2172}
	EndGlobalSection
EndGlobal
