
Microsoft Visual Studio Solution File, Format Version 12.00
# Visual Studio Version 17
VisualStudioVersion = 17.8.34330.188
MinimumVisualStudioVersion = 10.0.40219.1
Project("{FAE04EC0-301F-11D3-BF4B-00C04F79EFBC}") = "HandsOnExceptionHandling", "HandsOnExceptionHandling\HandsOnExceptionHandling.csproj", "{68635CC4-09F9-4DD5-A9F0-C9070EA8039C}"
EndProject
Global
	GlobalSection(SolutionConfigurationPlatforms) = preSolution
		Debug|Any CPU = Debug|Any CPU
		Release|Any CPU = Release|Any CPU
	EndGlobalSection
	GlobalSection(ProjectConfigurationPlatforms) = postSolution
		{68635CC4-09F9-4DD5-A9F0-C9070EA8039C}.Debug|Any CPU.ActiveCfg = Debug|Any CPU
		{68635CC4-09F9-4DD5-A9F0-C9070EA8039C}.Debug|Any CPU.Build.0 = Debug|Any CPU
		{68635CC4-09F9-4DD5-A9F0-C9070EA8039C}.Release|Any CPU.ActiveCfg = Release|Any CPU
		{68635CC4-09F9-4DD5-A9F0-C9070EA8039C}.Release|Any CPU.Build.0 = Release|Any CPU
	EndGlobalSection
	GlobalSection(SolutionProperties) = preSolution
		HideSolutionNode = FALSE
	EndGlobalSection
	GlobalSection(ExtensibilityGlobals) = postSolution
		SolutionGuid = {7CC930A7-8C88-4E56-8673-0288541D6F3A}
	EndGlobalSection
EndGlobal
